
Microsoft Visual Studio Solution File, Format Version 12.00
# Visual Studio 15
VisualStudioVersion = 15.0.28307.1209
MinimumVisualStudioVersion = 10.0.40219.1
Project("{B1E792BE-AA5F-4E3C-8C82-674BF9C0715B}") = "Analytics_Test2", "Analytics_Test2\Analytics_Test2.tsproj", "{6BE38C67-59A2-4CC3-9143-8C509A72C704}"
EndProject
Project("{FD9F1D59-E000-42F3-8744-88DE1BE93C06}") = "Analysis", "Analysis\Analysis.tcmproj", "{64CB4BFA-5262-43C7-BFB6-29E203011859}"
EndProject
Global
	GlobalSection(SolutionConfigurationPlatforms) = preSolution
		Debug|TwinCAT CE7 (ARMV7) = Debug|TwinCAT CE7 (ARMV7)
		Debug|TwinCAT HMI = Debug|TwinCAT HMI
		Debug|TwinCAT OS (ARMT2) = Debug|TwinCAT OS (ARMT2)
		Debug|TwinCAT RT (x64) = Debug|TwinCAT RT (x64)
		Debug|TwinCAT RT (x86) = Debug|TwinCAT RT (x86)
		Release|TwinCAT CE7 (ARMV7) = Release|TwinCAT CE7 (ARMV7)
		Release|TwinCAT HMI = Release|TwinCAT HMI
		Release|TwinCAT OS (ARMT2) = Release|TwinCAT OS (ARMT2)
		Release|TwinCAT RT (x64) = Release|TwinCAT RT (x64)
		Release|TwinCAT RT (x86) = Release|TwinCAT RT (x86)
	EndGlobalSection
	GlobalSection(ProjectConfigurationPlatforms) = postSolution
		{6BE38C67-59A2-4CC3-9143-8C509A72C704}.Debug|TwinCAT CE7 (ARMV7).ActiveCfg = Debug|TwinCAT CE7 (ARMV7)
		{6BE38C67-59A2-4CC3-9143-8C509A72C704}.Debug|TwinCAT CE7 (ARMV7).Build.0 = Debug|TwinCAT CE7 (ARMV7)
		{6BE38C67-59A2-4CC3-9143-8C509A72C704}.Debug|TwinCAT HMI.ActiveCfg = Debug|TwinCAT RT (x86)
		{6BE38C67-59A2-4CC3-9143-8C509A72C704}.Debug|TwinCAT OS (ARMT2).ActiveCfg = Debug|TwinCAT OS (ARMT2)
		{6BE38C67-59A2-4CC3-9143-8C509A72C704}.Debug|TwinCAT OS (ARMT2).Build.0 = Debug|TwinCAT OS (ARMT2)
		{6BE38C67-59A2-4CC3-9143-8C509A72C704}.Debug|TwinCAT RT (x64).ActiveCfg = Debug|TwinCAT RT (x64)
		{6BE38C67-59A2-4CC3-9143-8C509A72C704}.Debug|TwinCAT RT (x64).Build.0 = Debug|TwinCAT RT (x64)
		{6BE38C67-59A2-4CC3-9143-8C509A72C704}.Debug|TwinCAT RT (x86).ActiveCfg = Debug|TwinCAT RT (x86)
		{6BE38C67-59A2-4CC3-9143-8C509A72C704}.Debug|TwinCAT RT (x86).Build.0 = Debug|TwinCAT RT (x86)
		{6BE38C67-59A2-4CC3-9143-8C509A72C704}.Release|TwinCAT CE7 (ARMV7).ActiveCfg = Release|TwinCAT CE7 (ARMV7)
		{6BE38C67-59A2-4CC3-9143-8C509A72C704}.Release|TwinCAT CE7 (ARMV7).Build.0 = Release|TwinCAT CE7 (ARMV7)
		{6BE38C67-59A2-4CC3-9143-8C509A72C704}.Release|TwinCAT HMI.ActiveCfg = Release|TwinCAT RT (x86)
		{6BE38C67-59A2-4CC3-9143-8C509A72C704}.Release|TwinCAT OS (ARMT2).ActiveCfg = Release|TwinCAT OS (ARMT2)
		{6BE38C67-59A2-4CC3-9143-8C509A72C704}.Release|TwinCAT OS (ARMT2).Build.0 = Release|TwinCAT OS (ARMT2)
		{6BE38C67-59A2-4CC3-9143-8C509A72C704}.Release|TwinCAT RT (x64).ActiveCfg = Release|TwinCAT RT (x64)
		{6BE38C67-59A2-4CC3-9143-8C509A72C704}.Release|TwinCAT RT (x64).Build.0 = Release|TwinCAT RT (x64)
		{6BE38C67-59A2-4CC3-9143-8C509A72C704}.Release|TwinCAT RT (x86).ActiveCfg = Release|TwinCAT RT (x86)
		{6BE38C67-59A2-4CC3-9143-8C509A72C704}.Release|TwinCAT RT (x86).Build.0 = Release|TwinCAT RT (x86)
		{64CB4BFA-5262-43C7-BFB6-29E203011859}.Debug|TwinCAT CE7 (ARMV7).ActiveCfg = Debug|TwinCAT CE7 (ARMV7)
		{64CB4BFA-5262-43C7-BFB6-29E203011859}.Debug|TwinCAT HMI.ActiveCfg = Debug|TwinCAT RT (x86)
		{64CB4BFA-5262-43C7-BFB6-29E203011859}.Debug|TwinCAT OS (ARMT2).ActiveCfg = Debug|TwinCAT OS (ARMT2)
		{64CB4BFA-5262-43C7-BFB6-29E203011859}.Debug|TwinCAT RT (x64).ActiveCfg = Debug|TwinCAT RT (x64)
		{64CB4BFA-5262-43C7-BFB6-29E203011859}.Debug|TwinCAT RT (x86).ActiveCfg = Debug|TwinCAT RT (x86)
		{64CB4BFA-5262-43C7-BFB6-29E203011859}.Release|TwinCAT CE7 (ARMV7).ActiveCfg = Release|TwinCAT CE7 (ARMV7)
		{64CB4BFA-5262-43C7-BFB6-29E203011859}.Release|TwinCAT HMI.ActiveCfg = Release|TwinCAT RT (x86)
		{64CB4BFA-5262-43C7-BFB6-29E203011859}.Release|TwinCAT OS (ARMT2).ActiveCfg = Release|TwinCAT OS (ARMT2)
		{64CB4BFA-5262-43C7-BFB6-29E203011859}.Release|TwinCAT RT (x64).ActiveCfg = Release|TwinCAT RT (x64)
		{64CB4BFA-5262-43C7-BFB6-29E203011859}.Release|TwinCAT RT (x86).ActiveCfg = Release|TwinCAT RT (x86)
		{C8A232A1-4272-4EF9-BD59-22D6E6A8D318}.Debug|TwinCAT CE7 (ARMV7).ActiveCfg = Debug|TwinCAT CE7 (ARMV7)
		{C8A232A1-4272-4EF9-BD59-22D6E6A8D318}.Debug|TwinCAT CE7 (ARMV7).Build.0 = Debug|TwinCAT CE7 (ARMV7)
		{C8A232A1-4272-4EF9-BD59-22D6E6A8D318}.Debug|TwinCAT HMI.ActiveCfg = Debug|TwinCAT RT (x86)
		{C8A232A1-4272-4EF9-BD59-22D6E6A8D318}.Debug|TwinCAT OS (ARMT2).ActiveCfg = Debug|TwinCAT OS (ARMT2)
		{C8A232A1-4272-4EF9-BD59-22D6E6A8D318}.Debug|TwinCAT OS (ARMT2).Build.0 = Debug|TwinCAT OS (ARMT2)
		{C8A232A1-4272-4EF9-BD59-22D6E6A8D318}.Debug|TwinCAT RT (x64).ActiveCfg = Debug|TwinCAT RT (x64)
		{C8A232A1-4272-4EF9-BD59-22D6E6A8D318}.Debug|TwinCAT RT (x64).Build.0 = Debug|TwinCAT RT (x64)
		{C8A232A1-4272-4EF9-BD59-22D6E6A8D318}.Debug|TwinCAT RT (x86).ActiveCfg = Debug|TwinCAT RT (x86)
		{C8A232A1-4272-4EF9-BD59-22D6E6A8D318}.Debug|TwinCAT RT (x86).Build.0 = Debug|TwinCAT RT (x86)
		{C8A232A1-4272-4EF9-BD59-22D6E6A8D318}.Release|TwinCAT CE7 (ARMV7).ActiveCfg = Release|TwinCAT CE7 (ARMV7)
		{C8A232A1-4272-4EF9-BD59-22D6E6A8D318}.Release|TwinCAT CE7 (ARMV7).Build.0 = Release|TwinCAT CE7 (ARMV7)
		{C8A232A1-4272-4EF9-BD59-22D6E6A8D318}.Release|TwinCAT HMI.ActiveCfg = Release|TwinCAT RT (x86)
		{C8A232A1-4272-4EF9-BD59-22D6E6A8D318}.Release|TwinCAT OS (ARMT2).ActiveCfg = Release|TwinCAT OS (ARMT2)
		{C8A232A1-4272-4EF9-BD59-22D6E6A8D318}.Release|TwinCAT OS (ARMT2).Build.0 = Release|TwinCAT OS (ARMT2)
		{C8A232A1-4272-4EF9-BD59-22D6E6A8D318}.Release|TwinCAT RT (x64).ActiveCfg = Release|TwinCAT RT (x64)
		{C8A232A1-4272-4EF9-BD59-22D6E6A8D318}.Release|TwinCAT RT (x64).Build.0 = Release|TwinCAT RT (x64)
		{C8A232A1-4272-4EF9-BD59-22D6E6A8D318}.Release|TwinCAT RT (x86).ActiveCfg = Release|TwinCAT RT (x86)
		{C8A232A1-4272-4EF9-BD59-22D6E6A8D318}.Release|TwinCAT RT (x86).Build.0 = Release|TwinCAT RT (x86)
	EndGlobalSection
	GlobalSection(SolutionProperties) = preSolution
		HideSolutionNode = FALSE
	EndGlobalSection
	GlobalSection(ExtensibilityGlobals) = postSolution
		SolutionGuid = {01E2B985-A51E-4C1C-9324-6F59FE333BF7}
	EndGlobalSection
EndGlobal
